
Microsoft Visual Studio Solution File, Format Version 12.00
# Visual Studio Version 16
VisualStudioVersion = 16.0.29911.84
MinimumVisualStudioVersion = 10.0.40219.1
Project("{FAE04EC0-301F-11D3-BF4B-00C04F79EFBC}") = "sample01", "sample01\sample01.csproj", "{B18684CD-D7D1-47AE-BC7E-42CA1E5EFE32}"
EndProject
Global
	GlobalSection(SolutionConfigurationPlatforms) = preSolution
		Debug|Any CPU = Debug|Any CPU
		Release|Any CPU = Release|Any CPU
	EndGlobalSection
	GlobalSection(ProjectConfigurationPlatforms) = postSolution
		{B18684CD-D7D1-47AE-BC7E-42CA1E5EFE32}.Debug|Any CPU.ActiveCfg = Debug|Any CPU
		{B18684CD-D7D1-47AE-BC7E-42CA1E5EFE32}.Debug|Any CPU.Build.0 = Debug|Any CPU
		{B18684CD-D7D1-47AE-BC7E-42CA1E5EFE32}.Release|Any CPU.ActiveCfg = Release|Any CPU
		{B18684CD-D7D1-47AE-BC7E-42CA1E5EFE32}.Release|Any CPU.Build.0 = Release|Any CPU
	EndGlobalSection
	GlobalSection(SolutionProperties) = preSolution
		HideSolutionNode = FALSE
	EndGlobalSection
	GlobalSection(ExtensibilityGlobals) = postSolution
		SolutionGuid = {62341532-3893-4204-B63A-004CAB7D0A69}
	EndGlobalSection
EndGlobal
